// !$*UTF8*$!
{
	archiveVersion = 1;
	classes = {
	};
	objectVersion = 55;
	objects = {

/* Begin PBXBuildFile section */
		7A43A0E428A64C1F00B520F3 /* UnitConversionAppApp.swift in Sources */ = {isa = PBXBuildFile; fileRef = 7A43A0E328A64C1F00B520F3 /* UnitConversionAppApp.swift */; };
		7A43A0E628A64C1F00B520F3 /* ContentView.swift in Sources */ = {isa = PBXBuildFile; fileRef = 7A43A0E528A64C1F00B520F3 /* ContentView.swift */; };
		7A43A0E828A64C2200B520F3 /* Assets.xcassets in Resources */ = {isa = PBXBuildFile; fileRef = 7A43A0E728A64C2200B520F3 /* Assets.xcassets */; };
		7A43A0EB28A64C2200B520F3 /* Preview Assets.xcassets in Resources */ = {isa = PBXBuildFile; fileRef = 7A43A0EA28A64C2200B520F3 /* Preview Assets.xcassets */; };
		7A43A0F428A64C8100B520F3 /* Units.json in Resources */ = {isa = PBXBuildFile; fileRef = 7A43A0F228A64C8100B520F3 /* Units.json */; };
		7A43A0F628A64CB600B520F3 /* Unit.swift in Sources */ = {isa = PBXBuildFile; fileRef = 7A43A0F528A64CB600B520F3 /* Unit.swift */; };
		7A43A0FB28A64CDC00B520F3 /* FileManager-DocumentsDirectory.swift in Sources */ = {isa = PBXBuildFile; fileRef = 7A43A0F828A64CDC00B520F3 /* FileManager-DocumentsDirectory.swift */; };
		7A43A0FD28A64CDC00B520F3 /* Bundle-Decodable.swift in Sources */ = {isa = PBXBuildFile; fileRef = 7A43A0FA28A64CDC00B520F3 /* Bundle-Decodable.swift */; };
		7A43A10028A64D4600B520F3 /* UnitConversion.swift in Sources */ = {isa = PBXBuildFile; fileRef = 7A43A0FE28A64D4600B520F3 /* UnitConversion.swift */; };
		7A43A10128A64D4600B520F3 /* FavoritesArchive.swift in Sources */ = {isa = PBXBuildFile; fileRef = 7A43A0FF28A64D4600B520F3 /* FavoritesArchive.swift */; };
		7A43A10728A64D9700B520F3 /* HomeView.swift in Sources */ = {isa = PBXBuildFile; fileRef = 7A43A10528A64D9600B520F3 /* HomeView.swift */; };
		7A43A10828A64D9700B520F3 /* HomeViewModel.swift in Sources */ = {isa = PBXBuildFile; fileRef = 7A43A10628A64D9700B520F3 /* HomeViewModel.swift */; };
		7A43A10A28A64DF600B520F3 /* AppSettings.swift in Sources */ = {isa = PBXBuildFile; fileRef = 7A43A10928A64DF600B520F3 /* AppSettings.swift */; };
		7A43A10F28A64E8A00B520F3 /* UnitConversionView.swift in Sources */ = {isa = PBXBuildFile; fileRef = 7A43A10B28A64E8A00B520F3 /* UnitConversionView.swift */; };
		7A43A11228A64E8A00B520F3 /* UnitConversionViewModel.swift in Sources */ = {isa = PBXBuildFile; fileRef = 7A43A10E28A64E8A00B520F3 /* UnitConversionViewModel.swift */; };
		7A43A11528A6518E00B520F3 /* FavoritesViewModel.swift in Sources */ = {isa = PBXBuildFile; fileRef = 7A43A11328A6518E00B520F3 /* FavoritesViewModel.swift */; };
		7A43A11628A6518E00B520F3 /* FavoritesView.swift in Sources */ = {isa = PBXBuildFile; fileRef = 7A43A11428A6518E00B520F3 /* FavoritesView.swift */; };
		7A63E9C428A90223002A9B6D /* FileManager-Codable.swift in Sources */ = {isa = PBXBuildFile; fileRef = 7A63E9C328A90223002A9B6D /* FileManager-Codable.swift */; };
/* End PBXBuildFile section */

/* Begin PBXFileReference section */
		7A43A0E028A64C1F00B520F3 /* UnitConversionApp.app */ = {isa = PBXFileReference; explicitFileType = wrapper.application; includeInIndex = 0; path = UnitConversionApp.app; sourceTree = BUILT_PRODUCTS_DIR; };
		7A43A0E328A64C1F00B520F3 /* UnitConversionAppApp.swift */ = {isa = PBXFileReference; lastKnownFileType = sourcecode.swift; path = UnitConversionAppApp.swift; sourceTree = "<group>"; };
		7A43A0E528A64C1F00B520F3 /* ContentView.swift */ = {isa = PBXFileReference; lastKnownFileType = sourcecode.swift; path = ContentView.swift; sourceTree = "<group>"; };
		7A43A0E728A64C2200B520F3 /* Assets.xcassets */ = {isa = PBXFileReference; lastKnownFileType = folder.assetcatalog; path = Assets.xcassets; sourceTree = "<group>"; };
		7A43A0EA28A64C2200B520F3 /* Preview Assets.xcassets */ = {isa = PBXFileReference; lastKnownFileType = folder.assetcatalog; path = "Preview Assets.xcassets"; sourceTree = "<group>"; };
		7A43A0F228A64C8100B520F3 /* Units.json */ = {isa = PBXFileReference; fileEncoding = 4; lastKnownFileType = text.json; path = Units.json; sourceTree = "<group>"; };
		7A43A0F528A64CB600B520F3 /* Unit.swift */ = {isa = PBXFileReference; fileEncoding = 4; lastKnownFileType = sourcecode.swift; path = Unit.swift; sourceTree = "<group>"; };
		7A43A0F828A64CDC00B520F3 /* FileManager-DocumentsDirectory.swift */ = {isa = PBXFileReference; fileEncoding = 4; lastKnownFileType = sourcecode.swift; path = "FileManager-DocumentsDirectory.swift"; sourceTree = "<group>"; };
		7A43A0FA28A64CDC00B520F3 /* Bundle-Decodable.swift */ = {isa = PBXFileReference; fileEncoding = 4; lastKnownFileType = sourcecode.swift; path = "Bundle-Decodable.swift"; sourceTree = "<group>"; };
		7A43A0FE28A64D4600B520F3 /* UnitConversion.swift */ = {isa = PBXFileReference; fileEncoding = 4; lastKnownFileType = sourcecode.swift; path = UnitConversion.swift; sourceTree = "<group>"; };
		7A43A0FF28A64D4600B520F3 /* FavoritesArchive.swift */ = {isa = PBXFileReference; fileEncoding = 4; lastKnownFileType = sourcecode.swift; path = FavoritesArchive.swift; sourceTree = "<group>"; };
		7A43A10528A64D9600B520F3 /* HomeView.swift */ = {isa = PBXFileReference; fileEncoding = 4; lastKnownFileType = sourcecode.swift; path = HomeView.swift; sourceTree = "<group>"; };
		7A43A10628A64D9700B520F3 /* HomeViewModel.swift */ = {isa = PBXFileReference; fileEncoding = 4; lastKnownFileType = sourcecode.swift; path = HomeViewModel.swift; sourceTree = "<group>"; };
		7A43A10928A64DF600B520F3 /* AppSettings.swift */ = {isa = PBXFileReference; fileEncoding = 4; lastKnownFileType = sourcecode.swift; path = AppSettings.swift; sourceTree = "<group>"; };
		7A43A10B28A64E8A00B520F3 /* UnitConversionView.swift */ = {isa = PBXFileReference; fileEncoding = 4; lastKnownFileType = sourcecode.swift; path = UnitConversionView.swift; sourceTree = "<group>"; };
		7A43A10E28A64E8A00B520F3 /* UnitConversionViewModel.swift */ = {isa = PBXFileReference; fileEncoding = 4; lastKnownFileType = sourcecode.swift; path = UnitConversionViewModel.swift; sourceTree = "<group>"; };
		7A43A11328A6518E00B520F3 /* FavoritesViewModel.swift */ = {isa = PBXFileReference; fileEncoding = 4; lastKnownFileType = sourcecode.swift; path = FavoritesViewModel.swift; sourceTree = "<group>"; };
		7A43A11428A6518E00B520F3 /* FavoritesView.swift */ = {isa = PBXFileReference; fileEncoding = 4; lastKnownFileType = sourcecode.swift; path = FavoritesView.swift; sourceTree = "<group>"; };
		7A63E9C328A90223002A9B6D /* FileManager-Codable.swift */ = {isa = PBXFileReference; lastKnownFileType = sourcecode.swift; path = "FileManager-Codable.swift"; sourceTree = "<group>"; };
/* End PBXFileReference section */

/* Begin PBXFrameworksBuildPhase section */
		7A43A0DD28A64C1F00B520F3 /* Frameworks */ = {
			isa = PBXFrameworksBuildPhase;
			buildActionMask = 2147483647;
			files = (
			);
			runOnlyForDeploymentPostprocessing = 0;
		};
/* End PBXFrameworksBuildPhase section */

/* Begin PBXGroup section */
		7A43A0D728A64C1F00B520F3 = {
			isa = PBXGroup;
			children = (
				7A43A0E228A64C1F00B520F3 /* UnitConversionApp */,
				7A43A0E128A64C1F00B520F3 /* Products */,
			);
			sourceTree = "<group>";
		};
		7A43A0E128A64C1F00B520F3 /* Products */ = {
			isa = PBXGroup;
			children = (
				7A43A0E028A64C1F00B520F3 /* UnitConversionApp.app */,
			);
			name = Products;
			sourceTree = "<group>";
		};
		7A43A0E228A64C1F00B520F3 /* UnitConversionApp */ = {
			isa = PBXGroup;
			children = (
				7A43A0E328A64C1F00B520F3 /* UnitConversionAppApp.swift */,
				7A43A10928A64DF600B520F3 /* AppSettings.swift */,
				7A63E9C228A8E15A002A9B6D /* Model */,
				7A43A10428A64D8500B520F3 /* Activities */,
				7A43A0F728A64CDC00B520F3 /* Extensions */,
				7A43A0E728A64C2200B520F3 /* Assets.xcassets */,
				7A43A0E928A64C2200B520F3 /* Preview Content */,
			);
			path = UnitConversionApp;
			sourceTree = "<group>";
		};
		7A43A0E928A64C2200B520F3 /* Preview Content */ = {
			isa = PBXGroup;
			children = (
				7A43A0EA28A64C2200B520F3 /* Preview Assets.xcassets */,
			);
			path = "Preview Content";
			sourceTree = "<group>";
		};
		7A43A0F728A64CDC00B520F3 /* Extensions */ = {
			isa = PBXGroup;
			children = (
				7A43A0FA28A64CDC00B520F3 /* Bundle-Decodable.swift */,
				7A43A0F828A64CDC00B520F3 /* FileManager-DocumentsDirectory.swift */,
				7A63E9C328A90223002A9B6D /* FileManager-Codable.swift */,
			);
			path = Extensions;
			sourceTree = "<group>";
		};
		7A43A10428A64D8500B520F3 /* Activities */ = {
			isa = PBXGroup;
			children = (
				7A43A0E528A64C1F00B520F3 /* ContentView.swift */,
				7A43A10528A64D9600B520F3 /* HomeView.swift */,
				7A43A10628A64D9700B520F3 /* HomeViewModel.swift */,
				7A43A11428A6518E00B520F3 /* FavoritesView.swift */,
				7A43A11328A6518E00B520F3 /* FavoritesViewModel.swift */,
				7A43A10B28A64E8A00B520F3 /* UnitConversionView.swift */,
				7A43A10E28A64E8A00B520F3 /* UnitConversionViewModel.swift */,
			);
			path = Activities;
			sourceTree = "<group>";
		};
		7A63E9C228A8E15A002A9B6D /* Model */ = {
			isa = PBXGroup;
			children = (
				7A43A0F228A64C8100B520F3 /* Units.json */,
				7A43A0F528A64CB600B520F3 /* Unit.swift */,
				7A43A0FE28A64D4600B520F3 /* UnitConversion.swift */,
				7A43A0FF28A64D4600B520F3 /* FavoritesArchive.swift */,
			);
			path = Model;
			sourceTree = "<group>";
		};
/* End PBXGroup section */

/* Begin PBXNativeTarget section */
		7A43A0DF28A64C1F00B520F3 /* UnitConversionApp */ = {
			isa = PBXNativeTarget;
			buildConfigurationList = 7A43A0EE28A64C2200B520F3 /* Build configuration list for PBXNativeTarget "UnitConversionApp" */;
			buildPhases = (
				7A43A0DC28A64C1F00B520F3 /* Sources */,
				7A43A0DD28A64C1F00B520F3 /* Frameworks */,
				7A43A0DE28A64C1F00B520F3 /* Resources */,
			);
			buildRules = (
			);
			dependencies = (
			);
			name = UnitConversionApp;
			productName = UnitConversionApp;
			productReference = 7A43A0E028A64C1F00B520F3 /* UnitConversionApp.app */;
			productType = "com.apple.product-type.application";
		};
/* End PBXNativeTarget section */

/* Begin PBXProject section */
		7A43A0D828A64C1F00B520F3 /* Project object */ = {
			isa = PBXProject;
			attributes = {
				BuildIndependentTargetsInParallel = 1;
				LastSwiftUpdateCheck = 1340;
				LastUpgradeCheck = 1340;
				TargetAttributes = {
					7A43A0DF28A64C1F00B520F3 = {
						CreatedOnToolsVersion = 13.4.1;
					};
				};
			};
			buildConfigurationList = 7A43A0DB28A64C1F00B520F3 /* Build configuration list for PBXProject "UnitConversionApp" */;
			compatibilityVersion = "Xcode 13.0";
			developmentRegion = en;
			hasScannedForEncodings = 0;
			knownRegions = (
				en,
				Base,
			);
			mainGroup = 7A43A0D728A64C1F00B520F3;
			productRefGroup = 7A43A0E128A64C1F00B520F3 /* Products */;
			projectDirPath = "";
			projectRoot = "";
			targets = (
				7A43A0DF28A64C1F00B520F3 /* UnitConversionApp */,
			);
		};
/* End PBXProject section */

/* Begin PBXResourcesBuildPhase section */
		7A43A0DE28A64C1F00B520F3 /* Resources */ = {
			isa = PBXResourcesBuildPhase;
			buildActionMask = 2147483647;
			files = (
				7A43A0EB28A64C2200B520F3 /* Preview Assets.xcassets in Resources */,
				7A43A0F428A64C8100B520F3 /* Units.json in Resources */,
				7A43A0E828A64C2200B520F3 /* Assets.xcassets in Resources */,
			);
			runOnlyForDeploymentPostprocessing = 0;
		};
/* End PBXResourcesBuildPhase section */

/* Begin PBXSourcesBuildPhase section */
		7A43A0DC28A64C1F00B520F3 /* Sources */ = {
			isa = PBXSourcesBuildPhase;
			buildActionMask = 2147483647;
			files = (
				7A43A10028A64D4600B520F3 /* UnitConversion.swift in Sources */,
				7A43A10828A64D9700B520F3 /* HomeViewModel.swift in Sources */,
				7A43A10A28A64DF600B520F3 /* AppSettings.swift in Sources */,
				7A43A10F28A64E8A00B520F3 /* UnitConversionView.swift in Sources */,
				7A43A0E628A64C1F00B520F3 /* ContentView.swift in Sources */,
				7A43A11528A6518E00B520F3 /* FavoritesViewModel.swift in Sources */,
				7A43A11628A6518E00B520F3 /* FavoritesView.swift in Sources */,
				7A63E9C428A90223002A9B6D /* FileManager-Codable.swift in Sources */,
				7A43A0F628A64CB600B520F3 /* Unit.swift in Sources */,
				7A43A10728A64D9700B520F3 /* HomeView.swift in Sources */,
				7A43A11228A64E8A00B520F3 /* UnitConversionViewModel.swift in Sources */,
				7A43A0FB28A64CDC00B520F3 /* FileManager-DocumentsDirectory.swift in Sources */,
				7A43A0E428A64C1F00B520F3 /* UnitConversionAppApp.swift in Sources */,
				7A43A10128A64D4600B520F3 /* FavoritesArchive.swift in Sources */,
				7A43A0FD28A64CDC00B520F3 /* Bundle-Decodable.swift in Sources */,
			);
			runOnlyForDeploymentPostprocessing = 0;
		};
/* End PBXSourcesBuildPhase section */

/* Begin XCBuildConfiguration section */
		7A43A0EC28A64C2200B520F3 /* Debug */ = {
			isa = XCBuildConfiguration;
			buildSettings = {
				ALWAYS_SEARCH_USER_PATHS = NO;
				CLANG_ANALYZER_NONNULL = YES;
				CLANG_ANALYZER_NUMBER_OBJECT_CONVERSION = YES_AGGRESSIVE;
				CLANG_CXX_LANGUAGE_STANDARD = "gnu++17";
				CLANG_ENABLE_MODULES = YES;
				CLANG_ENABLE_OBJC_ARC = YES;
				CLANG_ENABLE_OBJC_WEAK = YES;
				CLANG_WARN_BLOCK_CAPTURE_AUTORELEASING = YES;
				CLANG_WARN_BOOL_CONVERSION = YES;
				CLANG_WARN_COMMA = YES;
				CLANG_WARN_CONSTANT_CONVERSION = YES;
				CLANG_WARN_DEPRECATED_OBJC_IMPLEMENTATIONS = YES;
				CLANG_WARN_DIRECT_OBJC_ISA_USAGE = YES_ERROR;
				CLANG_WARN_DOCUMENTATION_COMMENTS = YES;
				CLANG_WARN_EMPTY_BODY = YES;
				CLANG_WARN_ENUM_CONVERSION = YES;
				CLANG_WARN_INFINITE_RECURSION = YES;
				CLANG_WARN_INT_CONVERSION = YES;
				CLANG_WARN_NON_LITERAL_NULL_CONVERSION = YES;
				CLANG_WARN_OBJC_IMPLICIT_RETAIN_SELF = YES;
				CLANG_WARN_OBJC_LITERAL_CONVERSION = YES;
				CLANG_WARN_OBJC_ROOT_CLASS = YES_ERROR;
				CLANG_WARN_QUOTED_INCLUDE_IN_FRAMEWORK_HEADER = YES;
				CLANG_WARN_RANGE_LOOP_ANALYSIS = YES;
				CLANG_WARN_STRICT_PROTOTYPES = YES;
				CLANG_WARN_SUSPICIOUS_MOVE = YES;
				CLANG_WARN_UNGUARDED_AVAILABILITY = YES_AGGRESSIVE;
				CLANG_WARN_UNREACHABLE_CODE = YES;
				CLANG_WARN__DUPLICATE_METHOD_MATCH = YES;
				COPY_PHASE_STRIP = NO;
				DEBUG_INFORMATION_FORMAT = dwarf;
				ENABLE_STRICT_OBJC_MSGSEND = YES;
				ENABLE_TESTABILITY = YES;
				GCC_C_LANGUAGE_STANDARD = gnu11;
				GCC_DYNAMIC_NO_PIC = NO;
				GCC_NO_COMMON_BLOCKS = YES;
				GCC_OPTIMIZATION_LEVEL = 0;
				GCC_PREPROCESSOR_DEFINITIONS = (
					"DEBUG=1",
					"$(inherited)",
				);
				GCC_WARN_64_TO_32_BIT_CONVERSION = YES;
				GCC_WARN_ABOUT_RETURN_TYPE = YES_ERROR;
				GCC_WARN_UNDECLARED_SELECTOR = YES;
				GCC_WARN_UNINITIALIZED_AUTOS = YES_AGGRESSIVE;
				GCC_WARN_UNUSED_FUNCTION = YES;
				GCC_WARN_UNUSED_VARIABLE = YES;
				IPHONEOS_DEPLOYMENT_TARGET = 15.5;
				MTL_ENABLE_DEBUG_INFO = INCLUDE_SOURCE;
				MTL_FAST_MATH = YES;
				ONLY_ACTIVE_ARCH = YES;
				SDKROOT = iphoneos;
				SWIFT_ACTIVE_COMPILATION_CONDITIONS = DEBUG;
				SWIFT_OPTIMIZATION_LEVEL = "-Onone";
			};
			name = Debug;
		};
		7A43A0ED28A64C2200B520F3 /* Release */ = {
			isa = XCBuildConfiguration;
			buildSettings = {
				ALWAYS_SEARCH_USER_PATHS = NO;
				CLANG_ANALYZER_NONNULL = YES;
				CLANG_ANALYZER_NUMBER_OBJECT_CONVERSION = YES_AGGRESSIVE;
				CLANG_CXX_LANGUAGE_STANDARD = "gnu++17";
				CLANG_ENABLE_MODULES = YES;
				CLANG_ENABLE_OBJC_ARC = YES;
				CLANG_ENABLE_OBJC_WEAK = YES;
				CLANG_WARN_BLOCK_CAPTURE_AUTORELEASING = YES;
				CLANG_WARN_BOOL_CONVERSION = YES;
				CLANG_WARN_COMMA = YES;
				CLANG_WARN_CONSTANT_CONVERSION = YES;
				CLANG_WARN_DEPRECATED_OBJC_IMPLEMENTATIONS = YES;
				CLANG_WARN_DIRECT_OBJC_ISA_USAGE = YES_ERROR;
				CLANG_WARN_DOCUMENTATION_COMMENTS = YES;
				CLANG_WARN_EMPTY_BODY = YES;
				CLANG_WARN_ENUM_CONVERSION = YES;
				CLANG_WARN_INFINITE_RECURSION = YES;
				CLANG_WARN_INT_CONVERSION = YES;
				CLANG_WARN_NON_LITERAL_NULL_CONVERSION = YES;
				CLANG_WARN_OBJC_IMPLICIT_RETAIN_SELF = YES;
				CLANG_WARN_OBJC_LITERAL_CONVERSION = YES;
				CLANG_WARN_OBJC_ROOT_CLASS = YES_ERROR;
				CLANG_WARN_QUOTED_INCLUDE_IN_FRAMEWORK_HEADER = YES;
				CLANG_WARN_RANGE_LOOP_ANALYSIS = YES;
				CLANG_WARN_STRICT_PROTOTYPES = YES;
				CLANG_WARN_SUSPICIOUS_MOVE = YES;
				CLANG_WARN_UNGUARDED_AVAILABILITY = YES_AGGRESSIVE;
				CLANG_WARN_UNREACHABLE_CODE = YES;
				CLANG_WARN__DUPLICATE_METHOD_MATCH = YES;
				COPY_PHASE_STRIP = NO;
				DEBUG_INFORMATION_FORMAT = "dwarf-with-dsym";
				ENABLE_NS_ASSERTIONS = NO;
				ENABLE_STRICT_OBJC_MSGSEND = YES;
				GCC_C_LANGUAGE_STANDARD = gnu11;
				GCC_NO_COMMON_BLOCKS = YES;
				GCC_WARN_64_TO_32_BIT_CONVERSION = YES;
				GCC_WARN_ABOUT_RETURN_TYPE = YES_ERROR;
				GCC_WARN_UNDECLARED_SELECTOR = YES;
				GCC_WARN_UNINITIALIZED_AUTOS = YES_AGGRESSIVE;
				GCC_WARN_UNUSED_FUNCTION = YES;
				GCC_WARN_UNUSED_VARIABLE = YES;
				IPHONEOS_DEPLOYMENT_TARGET = 15.5;
				MTL_ENABLE_DEBUG_INFO = NO;
				MTL_FAST_MATH = YES;
				SDKROOT = iphoneos;
				SWIFT_COMPILATION_MODE = wholemodule;
				SWIFT_OPTIMIZATION_LEVEL = "-O";
				VALIDATE_PRODUCT = YES;
			};
			name = Release;
		};
		7A43A0EF28A64C2200B520F3 /* Debug */ = {
			isa = XCBuildConfiguration;
			buildSettings = {
				ASSETCATALOG_COMPILER_APPICON_NAME = AppIcon;
				ASSETCATALOG_COMPILER_GLOBAL_ACCENT_COLOR_NAME = AccentColor;
				CODE_SIGN_STYLE = Automatic;
				CURRENT_PROJECT_VERSION = 1;
				DEVELOPMENT_ASSET_PATHS = "\"UnitConversionApp/Preview Content\"";
				DEVELOPMENT_TEAM = 5Z48PGX9YU;
				ENABLE_PREVIEWS = YES;
				GENERATE_INFOPLIST_FILE = YES;
				INFOPLIST_KEY_UIApplicationSceneManifest_Generation = YES;
				INFOPLIST_KEY_UIApplicationSupportsIndirectInputEvents = YES;
				INFOPLIST_KEY_UILaunchScreen_Generation = YES;
				INFOPLIST_KEY_UISupportedInterfaceOrientations_iPad = "UIInterfaceOrientationPortrait UIInterfaceOrientationPortraitUpsideDown UIInterfaceOrientationLandscapeLeft UIInterfaceOrientationLandscapeRight";
				INFOPLIST_KEY_UISupportedInterfaceOrientations_iPhone = "UIInterfaceOrientationPortrait UIInterfaceOrientationLandscapeLeft UIInterfaceOrientationLandscapeRight";
				LD_RUNPATH_SEARCH_PATHS = (
					"$(inherited)",
					"@executable_path/Frameworks",
				);
				MARKETING_VERSION = 1.0;
				PRODUCT_BUNDLE_IDENTIFIER = com.marwaniaaj.UnitConversionApp;
				PRODUCT_NAME = "$(TARGET_NAME)";
				SWIFT_EMIT_LOC_STRINGS = YES;
				SWIFT_VERSION = 5.0;
				TARGETED_DEVICE_FAMILY = "1,2";
			};
			name = Debug;
		};
		7A43A0F028A64C2200B520F3 /* Release */ = {
			isa = XCBuildConfiguration;
			buildSettings = {
				ASSETCATALOG_COMPILER_APPICON_NAME = AppIcon;
				ASSETCATALOG_COMPILER_GLOBAL_ACCENT_COLOR_NAME = AccentColor;
				CODE_SIGN_STYLE = Automatic;
				CURRENT_PROJECT_VERSION = 1;
				DEVELOPMENT_ASSET_PATHS = "\"UnitConversionApp/Preview Content\"";
				DEVELOPMENT_TEAM = 5Z48PGX9YU;
				ENABLE_PREVIEWS = YES;
				GENERATE_INFOPLIST_FILE = YES;
				INFOPLIST_KEY_UIApplicationSceneManifest_Generation = YES;
				INFOPLIST_KEY_UIApplicationSupportsIndirectInputEvents = YES;
				INFOPLIST_KEY_UILaunchScreen_Generation = YES;
				INFOPLIST_KEY_UISupportedInterfaceOrientations_iPad = "UIInterfaceOrientationPortrait UIInterfaceOrientationPortraitUpsideDown UIInterfaceOrientationLandscapeLeft UIInterfaceOrientationLandscapeRight";
				INFOPLIST_KEY_UISupportedInterfaceOrientations_iPhone = "UIInterfaceOrientationPortrait UIInterfaceOrientationLandscapeLeft UIInterfaceOrientationLandscapeRight";
				LD_RUNPATH_SEARCH_PATHS = (
					"$(inherited)",
					"@executable_path/Frameworks",
				);
				MARKETING_VERSION = 1.0;
				PRODUCT_BUNDLE_IDENTIFIER = com.marwaniaaj.UnitConversionApp;
				PRODUCT_NAME = "$(TARGET_NAME)";
				SWIFT_EMIT_LOC_STRINGS = YES;
				SWIFT_VERSION = 5.0;
				TARGETED_DEVICE_FAMILY = "1,2";
			};
			name = Release;
		};
/* End XCBuildConfiguration section */

/* Begin XCConfigurationList section */
		7A43A0DB28A64C1F00B520F3 /* Build configuration list for PBXProject "UnitConversionApp" */ = {
			isa = XCConfigurationList;
			buildConfigurations = (
				7A43A0EC28A64C2200B520F3 /* Debug */,
				7A43A0ED28A64C2200B520F3 /* Release */,
			);
			defaultConfigurationIsVisible = 0;
			defaultConfigurationName = Release;
		};
		7A43A0EE28A64C2200B520F3 /* Build configuration list for PBXNativeTarget "UnitConversionApp" */ = {
			isa = XCConfigurationList;
			buildConfigurations = (
				7A43A0EF28A64C2200B520F3 /* Debug */,
				7A43A0F028A64C2200B520F3 /* Release */,
			);
			defaultConfigurationIsVisible = 0;
			defaultConfigurationName = Release;
		};
/* End XCConfigurationList section */
	};
	rootObject = 7A43A0D828A64C1F00B520F3 /* Project object */;
}
